
Microsoft Visual Studio Solution File, Format Version 12.00
# Visual Studio Version 17
VisualStudioVersion = 17.10.34928.147
MinimumVisualStudioVersion = 10.0.40219.1
Project("{9A19103F-16F7-4668-BE54-9A1E7A4F7556}") = "SortedTechTest", "SortedTechTest\SortedTechTest.csproj", "{DADD95BF-6BE3-4BAA-AC85-8CBB0ED1075C}"
EndProject
Global
	GlobalSection(SolutionConfigurationPlatforms) = preSolution
		Debug|Any CPU = Debug|Any CPU
		Release|Any CPU = Release|Any CPU
	EndGlobalSection
	GlobalSection(ProjectConfigurationPlatforms) = postSolution
		{DADD95BF-6BE3-4BAA-AC85-8CBB0ED1075C}.Debug|Any CPU.ActiveCfg = Debug|Any CPU
		{DADD95BF-6BE3-4BAA-AC85-8CBB0ED1075C}.Debug|Any CPU.Build.0 = Debug|Any CPU
		{DADD95BF-6BE3-4BAA-AC85-8CBB0ED1075C}.Release|Any CPU.ActiveCfg = Release|Any CPU
		{DADD95BF-6BE3-4BAA-AC85-8CBB0ED1075C}.Release|Any CPU.Build.0 = Release|Any CPU
	EndGlobalSection
	GlobalSection(SolutionProperties) = preSolution
		HideSolutionNode = FALSE
	EndGlobalSection
	GlobalSection(ExtensibilityGlobals) = postSolution
		SolutionGuid = {E29D2BF7-BAF4-4DB9-970B-57982BCC0B45}
	EndGlobalSection
EndGlobal
